Microsoft Visual Studio Solution File, Format Version 11.00
# Visual Studio 2010
Project("{FAE04EC0-301F-11D3-BF4B-00C04F79EFBC}") = "DXDocking_EmbedBar", "DXDocking_EmbedBar\DXDocking_EmbedBar.csproj", "{A3BFC17E-42C2-4F5C-BD04-205BC12C1070}"
EndProject
Global
	GlobalSection(SolutionConfigurationPlatforms) = preSolution
		Debug|Any CPU = Debug|Any CPU
		Release|Any CPU = Release|Any CPU
	EndGlobalSection
	GlobalSection(ProjectConfigurationPlatforms) = postSolution
		{A3BFC17E-42C2-4F5C-BD04-205BC12C1070}.Debug|Any CPU.ActiveCfg = Debug|Any CPU
		{A3BFC17E-42C2-4F5C-BD04-205BC12C1070}.Debug|Any CPU.Build.0 = Debug|Any CPU
		{A3BFC17E-42C2-4F5C-BD04-205BC12C1070}.Release|Any CPU.ActiveCfg = Release|Any CPU
		{A3BFC17E-42C2-4F5C-BD04-205BC12C1070}.Release|Any CPU.Build.0 = Release|Any CPU
	EndGlobalSection
	GlobalSection(SolutionProperties) = preSolution
		HideSolutionNode = FALSE
	EndGlobalSection
EndGlobal
